
Microsoft Visual Studio Solution File, Format Version 12.00
# Visual Studio Version 17
VisualStudioVersion = 17.0.31717.71
MinimumVisualStudioVersion = 10.0.40219.1
Project("{9A19103F-16F7-4668-BE54-9A1E7A4F7556}") = "BasedNumber", "BasedNumber.csproj", "{20FC0948-41EB-4A1C-AD1D-B5F46F88AFCF}"
EndProject
Global
	GlobalSection(SolutionConfigurationPlatforms) = preSolution
		Debug|Any CPU = Debug|Any CPU
		Release|Any CPU = Release|Any CPU
	EndGlobalSection
	GlobalSection(ProjectConfigurationPlatforms) = postSolution
		{20FC0948-41EB-4A1C-AD1D-B5F46F88AFCF}.Debug|Any CPU.ActiveCfg = Debug|Any CPU
		{20FC0948-41EB-4A1C-AD1D-B5F46F88AFCF}.Debug|Any CPU.Build.0 = Debug|Any CPU
		{20FC0948-41EB-4A1C-AD1D-B5F46F88AFCF}.Release|Any CPU.ActiveCfg = Release|Any CPU
		{20FC0948-41EB-4A1C-AD1D-B5F46F88AFCF}.Release|Any CPU.Build.0 = Release|Any CPU
	EndGlobalSection
	GlobalSection(SolutionProperties) = preSolution
		HideSolutionNode = FALSE
	EndGlobalSection
	GlobalSection(ExtensibilityGlobals) = postSolution
		SolutionGuid = {26FB48F9-628F-4205-B0D9-808286806AFE}
	EndGlobalSection
EndGlobal
